
Microsoft Visual Studio Solution File, Format Version 12.00
# Visual Studio Version 16
VisualStudioVersion = 16.0.31729.503
MinimumVisualStudioVersion = 10.0.40219.1
Project("{FAE04EC0-301F-11D3-BF4B-00C04F79EFBC}") = "WpfApp5", "WpfApp5.csproj", "{3AD88956-1E75-42CA-9614-9C455C72F900}"
EndProject
Global
	GlobalSection(SolutionConfigurationPlatforms) = preSolution
		Debug|Any CPU = Debug|Any CPU
		Release|Any CPU = Release|Any CPU
	EndGlobalSection
	GlobalSection(ProjectConfigurationPlatforms) = postSolution
		{3AD88956-1E75-42CA-9614-9C455C72F900}.Debug|Any CPU.ActiveCfg = Debug|Any CPU
		{3AD88956-1E75-42CA-9614-9C455C72F900}.Debug|Any CPU.Build.0 = Debug|Any CPU
		{3AD88956-1E75-42CA-9614-9C455C72F900}.Release|Any CPU.ActiveCfg = Release|Any CPU
		{3AD88956-1E75-42CA-9614-9C455C72F900}.Release|Any CPU.Build.0 = Release|Any CPU
	EndGlobalSection
	GlobalSection(SolutionProperties) = preSolution
		HideSolutionNode = FALSE
	EndGlobalSection
	GlobalSection(ExtensibilityGlobals) = postSolution
		SolutionGuid = {4868E728-494A-4FAB-9CAC-A96EB98A29BD}
	EndGlobalSection
EndGlobal
